
Microsoft Visual Studio Solution File, Format Version 12.00
# Visual Studio Version 17
VisualStudioVersion = 17.8.34408.163
MinimumVisualStudioVersion = 10.0.40219.1
Project("{F184B08F-C81C-45F6-A57F-5ABD9991F28F}") = "Practical Summative Assessment", "Practical Summative Assessment\Practical Summative Assessment.vbproj", "{7C56F426-AA6B-4EAE-91D7-5D9514102F6C}"
EndProject
Global
	GlobalSection(SolutionConfigurationPlatforms) = preSolution
		Debug|Any CPU = Debug|Any CPU
		Release|Any CPU = Release|Any CPU
	EndGlobalSection
	GlobalSection(ProjectConfigurationPlatforms) = postSolution
		{7C56F426-AA6B-4EAE-91D7-5D9514102F6C}.Debug|Any CPU.ActiveCfg = Debug|Any CPU
		{7C56F426-AA6B-4EAE-91D7-5D9514102F6C}.Debug|Any CPU.Build.0 = Debug|Any CPU
		{7C56F426-AA6B-4EAE-91D7-5D9514102F6C}.Release|Any CPU.ActiveCfg = Release|Any CPU
		{7C56F426-AA6B-4EAE-91D7-5D9514102F6C}.Release|Any CPU.Build.0 = Release|Any CPU
	EndGlobalSection
	GlobalSection(SolutionProperties) = preSolution
		HideSolutionNode = FALSE
	EndGlobalSection
	GlobalSection(ExtensibilityGlobals) = postSolution
		SolutionGuid = {5A6A804D-F37A-4642-BB96-0C8B66D573E9}
	EndGlobalSection
EndGlobal
